
Microsoft Visual Studio Solution File, Format Version 12.00
# Visual Studio 2012
Project("{FAE04EC0-301F-11D3-BF4B-00C04F79EFBC}") = "PW-PROTAL WEB", "PW-PROTAL WEB\PW-PROTAL WEB.csproj", "{6A70662C-788A-4E3A-A2D2-B341F436A693}"
EndProject
Global
	GlobalSection(SolutionConfigurationPlatforms) = preSolution
		Debug|Any CPU = Debug|Any CPU
		Release|Any CPU = Release|Any CPU
	EndGlobalSection
	GlobalSection(ProjectConfigurationPlatforms) = postSolution
		{6A70662C-788A-4E3A-A2D2-B341F436A693}.Debug|Any CPU.ActiveCfg = Debug|Any CPU
		{6A70662C-788A-4E3A-A2D2-B341F436A693}.Debug|Any CPU.Build.0 = Debug|Any CPU
		{6A70662C-788A-4E3A-A2D2-B341F436A693}.Release|Any CPU.ActiveCfg = Release|Any CPU
		{6A70662C-788A-4E3A-A2D2-B341F436A693}.Release|Any CPU.Build.0 = Release|Any CPU
	EndGlobalSection
	GlobalSection(SolutionProperties) = preSolution
		HideSolutionNode = FALSE
	EndGlobalSection
EndGlobal
